
Microsoft Visual Studio Solution File, Format Version 12.00
# Visual Studio Version 17
VisualStudioVersion = 17.0.31903.59
MinimumVisualStudioVersion = 10.0.40219.1
Project("{FAE04EC0-301F-11D3-BF4B-00C04F79EFBC}") = "test", "test.csproj", "{2DC93BD5-C4D6-4D6C-A5B8-A31D2DB5A3ED}"
EndProject
Project("{FAE04EC0-301F-11D3-BF4B-00C04F79EFBC}") = "DemoParser.Parsing", "DemoParser.Parsing\DemoParser.Parsing.csproj", "{B9576531-C0AE-49B6-8C33-D4E0D7B6D72F}"
EndProject
Project("{FAE04EC0-301F-11D3-BF4B-00C04F79EFBC}") = "DemoParser.Tests", "DemoParser.Tests\DemoParser.Tests.csproj", "{935D4CE8-6905-46AF-A02D-43057BB8FC52}"
EndProject
Global
	GlobalSection(SolutionConfigurationPlatforms) = preSolution
		Debug|Any CPU = Debug|Any CPU
		Release|Any CPU = Release|Any CPU
	EndGlobalSection
	GlobalSection(SolutionProperties) = preSolution
		HideSolutionNode = FALSE
	EndGlobalSection
	GlobalSection(ProjectConfigurationPlatforms) = postSolution
		{2DC93BD5-C4D6-4D6C-A5B8-A31D2DB5A3ED}.Debug|Any CPU.ActiveCfg = Debug|Any CPU
		{2DC93BD5-C4D6-4D6C-A5B8-A31D2DB5A3ED}.Debug|Any CPU.Build.0 = Debug|Any CPU
		{2DC93BD5-C4D6-4D6C-A5B8-A31D2DB5A3ED}.Release|Any CPU.ActiveCfg = Release|Any CPU
		{2DC93BD5-C4D6-4D6C-A5B8-A31D2DB5A3ED}.Release|Any CPU.Build.0 = Release|Any CPU
		{B9576531-C0AE-49B6-8C33-D4E0D7B6D72F}.Debug|Any CPU.ActiveCfg = Debug|Any CPU
		{B9576531-C0AE-49B6-8C33-D4E0D7B6D72F}.Debug|Any CPU.Build.0 = Debug|Any CPU
		{B9576531-C0AE-49B6-8C33-D4E0D7B6D72F}.Release|Any CPU.ActiveCfg = Release|Any CPU
		{B9576531-C0AE-49B6-8C33-D4E0D7B6D72F}.Release|Any CPU.Build.0 = Release|Any CPU
		{935D4CE8-6905-46AF-A02D-43057BB8FC52}.Debug|Any CPU.ActiveCfg = Debug|Any CPU
		{935D4CE8-6905-46AF-A02D-43057BB8FC52}.Debug|Any CPU.Build.0 = Debug|Any CPU
		{935D4CE8-6905-46AF-A02D-43057BB8FC52}.Release|Any CPU.ActiveCfg = Release|Any CPU
		{935D4CE8-6905-46AF-A02D-43057BB8FC52}.Release|Any CPU.Build.0 = Release|Any CPU
	EndGlobalSection
EndGlobal
